<?xml version="1.0" encoding="UTF-8"?>
<Project ToolsVersion="14.0" xmlns="http://schemas.microsoft.com/developer/msbuild/2003">
  <ItemGroup>
    <ClCompile Include="C:\Users\arkob_000\Documents\Projects_X_557_2015_ab\Asgn3_part1\main_p1.cpp">
      <Filter>Source Files</Filter>
    </ClCompile>
    <ClCompile Include="C:\Users\arkob_000\Documents\Projects_X_557_2015_ab\Asgn3_part1\GLSphereDirect.cpp">
      <Filter>Source Files</Filter>
    </ClCompile>
    <ClCompile Include="C:\Users\arkob_000\Documents\Projects_X_557_2015_ab\gl_common\HCI557Common.cpp">
      <Filter>Source Files</Filter>
    </ClCompile>
    <ClCompile Include="C:\Users\arkob_000\Documents\Projects_X_557_2015_ab\gl_common\controls.cpp">
      <Filter>Source Files</Filter>
    </ClCompile>
    <ClCompile Include="C:\Users\arkob_000\Documents\Projects_X_557_2015_ab\gl_common\CoordSystem.cpp">
      <Filter>Source Files</Filter>
    </ClCompile>
    <ClCompile Include="C:\Users\arkob_000\Documents\Projects_X_557_2015_ab\gl_common\GLObject.cpp">
      <Filter>Source Files</Filter>
    </ClCompile>
    <ClCompile Include="C:\Users\arkob_000\Documents\Projects_X_557_2015_ab\gl_common\GLSphere.cpp">
      <Filter>Source Files</Filter>
    </ClCompile>
    <ClCompile Include="C:\Users\arkob_000\Documents\Projects_X_557_2015_ab\gl_common\Shaders.cpp">
      <Filter>Source Files</Filter>
    </ClCompile>
    <ClCompile Include="C:\Users\arkob_000\Documents\Projects_X_557_2015_ab\gl_common\GLAppearance.cpp">
      <Filter>Source Files</Filter>
    </ClCompile>
  </ItemGroup>
  <ItemGroup>
    <ClInclude Include="C:\Users\arkob_000\Documents\Projects_X_557_2015_ab\Asgn3_part1\GLSphereDirect.h">
      <Filter>Header Files</Filter>
    </ClInclude>
    <ClInclude Include="C:\Users\arkob_000\Documents\Projects_X_557_2015_ab\gl_common\HCI557Common.h">
      <Filter>Header Files</Filter>
    </ClInclude>
    <ClInclude Include="C:\Users\arkob_000\Documents\Projects_X_557_2015_ab\gl_common\controls.h">
      <Filter>Header Files</Filter>
    </ClInclude>
    <ClInclude Include="C:\Users\arkob_000\Documents\Projects_X_557_2015_ab\gl_common\CoordSystem.h">
      <Filter>Header Files</Filter>
    </ClInclude>
    <ClInclude Include="C:\Users\arkob_000\Documents\Projects_X_557_2015_ab\gl_common\GLObject.h">
      <Filter>Header Files</Filter>
    </ClInclude>
    <ClInclude Include="C:\Users\arkob_000\Documents\Projects_X_557_2015_ab\gl_common\GLSphere.h">
      <Filter>Header Files</Filter>
    </ClInclude>
    <ClInclude Include="C:\Users\arkob_000\Documents\Projects_X_557_2015_ab\gl_common\Shaders.h">
      <Filter>Header Files</Filter>
    </ClInclude>
    <ClInclude Include="C:\Users\arkob_000\Documents\Projects_X_557_2015_ab\gl_common\HCI557Datatypes.h">
      <Filter>Header Files</Filter>
    </ClInclude>
    <ClInclude Include="C:\Users\arkob_000\Documents\Projects_X_557_2015_ab\gl_common\GLAppearance.h">
      <Filter>Header Files</Filter>
    </ClInclude>
  </ItemGroup>
  <ItemGroup>
    <CustomBuild Include="C:\Users\arkob_000\Documents\Projects_X_557_2015_ab\Asgn3_part1\CMakeLists.txt" />
  </ItemGroup>
  <ItemGroup>
    <Filter Include="Source Files">
      <UniqueIdentifier>{14E9E985-EEA8-4576-A44E-AD77A08E0923}</UniqueIdentifier>
    </Filter>
    <Filter Include="Header Files">
      <UniqueIdentifier>{80F5C655-61F3-4894-B100-3E7349A7E2DC}</UniqueIdentifier>
    </Filter>
  </ItemGroup>
</Project>
