Microsoft Visual Studio Solution File, Format Version 12.00
# Visual Studio 14
Project("{8BC9CEB8-8B4A-11D0-8D11-00A0C91BC942}") = "ALL_BUILD", "ALL_BUILD.vcxproj", "{9B2B4CDE-6771-4B05-B8F4-B55258673E9D}"
	ProjectSection(ProjectDependencies) = postProject
		{63318763-A9B3-4B63-B7B0-BE4F7553CD6D} = {63318763-A9B3-4B63-B7B0-BE4F7553CD6D}
		{DB9BF140-64A9-4599-BB2F-7B9FBA4470D8} = {DB9BF140-64A9-4599-BB2F-7B9FBA4470D8}
	EndProjectSection
EndProject
Project("{8BC9CEB8-8B4A-11D0-8D11-00A0C91BC942}") = "HCI557_ass3_p1", "HCI557_ass3_p1.vcxproj", "{63318763-A9B3-4B63-B7B0-BE4F7553CD6D}"
	ProjectSection(ProjectDependencies) = postProject
		{DB9BF140-64A9-4599-BB2F-7B9FBA4470D8} = {DB9BF140-64A9-4599-BB2F-7B9FBA4470D8}
	EndProjectSection
EndProject
Project("{8BC9CEB8-8B4A-11D0-8D11-00A0C91BC942}") = "ZERO_CHECK", "ZERO_CHECK.vcxproj", "{DB9BF140-64A9-4599-BB2F-7B9FBA4470D8}"
	ProjectSection(ProjectDependencies) = postProject
	EndProjectSection
EndProject
Global
	GlobalSection(SolutionConfigurationPlatforms) = preSolution
		Debug|x64 = Debug|x64
		Release|x64 = Release|x64
		MinSizeRel|x64 = MinSizeRel|x64
		RelWithDebInfo|x64 = RelWithDebInfo|x64
	EndGlobalSection
	GlobalSection(ProjectConfigurationPlatforms) = postSolution
		{9B2B4CDE-6771-4B05-B8F4-B55258673E9D}.Debug|x64.ActiveCfg = Debug|x64
		{9B2B4CDE-6771-4B05-B8F4-B55258673E9D}.Release|x64.ActiveCfg = Release|x64
		{9B2B4CDE-6771-4B05-B8F4-B55258673E9D}.MinSizeRel|x64.ActiveCfg = MinSizeRel|x64
		{9B2B4CDE-6771-4B05-B8F4-B55258673E9D}.RelWithDebInfo|x64.ActiveCfg = RelWithDebInfo|x64
		{63318763-A9B3-4B63-B7B0-BE4F7553CD6D}.Debug|x64.ActiveCfg = Debug|x64
		{63318763-A9B3-4B63-B7B0-BE4F7553CD6D}.Debug|x64.Build.0 = Debug|x64
		{63318763-A9B3-4B63-B7B0-BE4F7553CD6D}.Release|x64.ActiveCfg = Release|x64
		{63318763-A9B3-4B63-B7B0-BE4F7553CD6D}.Release|x64.Build.0 = Release|x64
		{63318763-A9B3-4B63-B7B0-BE4F7553CD6D}.MinSizeRel|x64.ActiveCfg = MinSizeRel|x64
		{63318763-A9B3-4B63-B7B0-BE4F7553CD6D}.MinSizeRel|x64.Build.0 = MinSizeRel|x64
		{63318763-A9B3-4B63-B7B0-BE4F7553CD6D}.RelWithDebInfo|x64.ActiveCfg = RelWithDebInfo|x64
		{63318763-A9B3-4B63-B7B0-BE4F7553CD6D}.RelWithDebInfo|x64.Build.0 = RelWithDebInfo|x64
		{DB9BF140-64A9-4599-BB2F-7B9FBA4470D8}.Debug|x64.ActiveCfg = Debug|x64
		{DB9BF140-64A9-4599-BB2F-7B9FBA4470D8}.Debug|x64.Build.0 = Debug|x64
		{DB9BF140-64A9-4599-BB2F-7B9FBA4470D8}.Release|x64.ActiveCfg = Release|x64
		{DB9BF140-64A9-4599-BB2F-7B9FBA4470D8}.Release|x64.Build.0 = Release|x64
		{DB9BF140-64A9-4599-BB2F-7B9FBA4470D8}.MinSizeRel|x64.ActiveCfg = MinSizeRel|x64
		{DB9BF140-64A9-4599-BB2F-7B9FBA4470D8}.MinSizeRel|x64.Build.0 = MinSizeRel|x64
		{DB9BF140-64A9-4599-BB2F-7B9FBA4470D8}.RelWithDebInfo|x64.ActiveCfg = RelWithDebInfo|x64
		{DB9BF140-64A9-4599-BB2F-7B9FBA4470D8}.RelWithDebInfo|x64.Build.0 = RelWithDebInfo|x64
	EndGlobalSection
	GlobalSection(ExtensibilityGlobals) = postSolution
	EndGlobalSection
	GlobalSection(ExtensibilityAddIns) = postSolution
	EndGlobalSection
EndGlobal
